
Microsoft Visual Studio Solution File, Format Version 12.00
# Visual Studio Version 17
VisualStudioVersion = 17.10.34928.147
MinimumVisualStudioVersion = 10.0.40219.1
Project("{9A19103F-16F7-4668-BE54-9A1E7A4F7556}") = "iakademi41CORE_Proje", "iakademi41CORE_Proje\iakademi41CORE_Proje.csproj", "{76F7D6A9-2DF1-49F6-8218-13EFF0D3BE9A}"
EndProject
Global
	GlobalSection(SolutionConfigurationPlatforms) = preSolution
		Debug|Any CPU = Debug|Any CPU
		Release|Any CPU = Release|Any CPU
	EndGlobalSection
	GlobalSection(ProjectConfigurationPlatforms) = postSolution
		{76F7D6A9-2DF1-49F6-8218-13EFF0D3BE9A}.Debug|Any CPU.ActiveCfg = Debug|Any CPU
		{76F7D6A9-2DF1-49F6-8218-13EFF0D3BE9A}.Debug|Any CPU.Build.0 = Debug|Any CPU
		{76F7D6A9-2DF1-49F6-8218-13EFF0D3BE9A}.Release|Any CPU.ActiveCfg = Release|Any CPU
		{76F7D6A9-2DF1-49F6-8218-13EFF0D3BE9A}.Release|Any CPU.Build.0 = Release|Any CPU
	EndGlobalSection
	GlobalSection(SolutionProperties) = preSolution
		HideSolutionNode = FALSE
	EndGlobalSection
	GlobalSection(ExtensibilityGlobals) = postSolution
		SolutionGuid = {CA10E1E5-A3E6-4A37-A7D3-A9E1634EE78E}
	EndGlobalSection
EndGlobal
